
Microsoft Visual Studio Solution File, Format Version 12.00
# Visual Studio Version 16
VisualStudioVersion = 16.0.30114.105
MinimumVisualStudioVersion = 10.0.40219.1
Project("{FAE04EC0-301F-11D3-BF4B-00C04F79EFBC}") = "GigHub", "GigHub\GigHub.csproj", "{CAE59F1F-AD00-43C8-8EBF-FD2110C41E8D}"
EndProject
Global
	GlobalSection(SolutionConfigurationPlatforms) = preSolution
		Debug|Any CPU = Debug|Any CPU
		Release|Any CPU = Release|Any CPU
	EndGlobalSection
	GlobalSection(ProjectConfigurationPlatforms) = postSolution
		{CAE59F1F-AD00-43C8-8EBF-FD2110C41E8D}.Debug|Any CPU.ActiveCfg = Debug|Any CPU
		{CAE59F1F-AD00-43C8-8EBF-FD2110C41E8D}.Debug|Any CPU.Build.0 = Debug|Any CPU
		{CAE59F1F-AD00-43C8-8EBF-FD2110C41E8D}.Release|Any CPU.ActiveCfg = Release|Any CPU
		{CAE59F1F-AD00-43C8-8EBF-FD2110C41E8D}.Release|Any CPU.Build.0 = Release|Any CPU
	EndGlobalSection
	GlobalSection(SolutionProperties) = preSolution
		HideSolutionNode = FALSE
	EndGlobalSection
	GlobalSection(ExtensibilityGlobals) = postSolution
		SolutionGuid = {B5AC56EC-9201-4519-809D-2E4CEB5216F9}
	EndGlobalSection
EndGlobal
